// !$*UTF8*$!
{
	archiveVersion = 1;
	classes = {
	};
	objectVersion = 55;
	objects = {

/* Begin PBXBuildFile section */
		8454964529EFDB1300B57995 /* PlanetsInfoApp.swift in Sources */ = {isa = PBXBuildFile; fileRef = 8454964429EFDB1300B57995 /* PlanetsInfoApp.swift */; };
		8454964729EFDB1300B57995 /* PlanetListView.swift in Sources */ = {isa = PBXBuildFile; fileRef = 8454964629EFDB1300B57995 /* PlanetListView.swift */; };
		8454964929EFDB1800B57995 /* Assets.xcassets in Resources */ = {isa = PBXBuildFile; fileRef = 8454964829EFDB1800B57995 /* Assets.xcassets */; };
		8454964C29EFDB1800B57995 /* Preview Assets.xcassets in Resources */ = {isa = PBXBuildFile; fileRef = 8454964B29EFDB1800B57995 /* Preview Assets.xcassets */; };
		8454964E29EFDB1800B57995 /* Persistence.swift in Sources */ = {isa = PBXBuildFile; fileRef = 8454964D29EFDB1800B57995 /* Persistence.swift */; };
		8454965129EFDB1800B57995 /* PlanetsInfo.xcdatamodeld in Sources */ = {isa = PBXBuildFile; fileRef = 8454964F29EFDB1800B57995 /* PlanetsInfo.xcdatamodeld */; };
		8454965B29EFDB1800B57995 /* PlanetsInfoTests.swift in Sources */ = {isa = PBXBuildFile; fileRef = 8454965A29EFDB1800B57995 /* PlanetsInfoTests.swift */; };
		8454966529EFDB1800B57995 /* PlanetsInfoUITests.swift in Sources */ = {isa = PBXBuildFile; fileRef = 8454966429EFDB1800B57995 /* PlanetsInfoUITests.swift */; };
		8454966729EFDB1800B57995 /* PlanetsInfoUITestsLaunchTests.swift in Sources */ = {isa = PBXBuildFile; fileRef = 8454966629EFDB1800B57995 /* PlanetsInfoUITestsLaunchTests.swift */; };
		8454967929EFDBD500B57995 /* PlanetsViewModel.swift in Sources */ = {isa = PBXBuildFile; fileRef = 8454967829EFDBD500B57995 /* PlanetsViewModel.swift */; };
		8454967D29EFDC3300B57995 /* NetworkApiManager.swift in Sources */ = {isa = PBXBuildFile; fileRef = 8454967C29EFDC3300B57995 /* NetworkApiManager.swift */; };
		8454967F29EFDCED00B57995 /* PlanetData.swift in Sources */ = {isa = PBXBuildFile; fileRef = 8454967E29EFDCED00B57995 /* PlanetData.swift */; };
		8454968329F01BD200B57995 /* PlanetsRepositoryImplemantationTests.swift in Sources */ = {isa = PBXBuildFile; fileRef = 8454968229F01BD200B57995 /* PlanetsRepositoryImplemantationTests.swift */; };
		8B66DB8329EFDFF1002331E3 /* PlanetsRepository.swift in Sources */ = {isa = PBXBuildFile; fileRef = 8B66DB8229EFDFF1002331E3 /* PlanetsRepository.swift */; };
		8B66DB8529EFE111002331E3 /* NetworkAPIError.swift in Sources */ = {isa = PBXBuildFile; fileRef = 8B66DB8429EFE111002331E3 /* NetworkAPIError.swift */; };
		8B66DB8729EFE1F1002331E3 /* PlanetsRepositoryImplemantation.swift in Sources */ = {isa = PBXBuildFile; fileRef = 8B66DB8629EFE1F1002331E3 /* PlanetsRepositoryImplemantation.swift */; };
		8B66DB8929EFE2DB002331E3 /* Networking.swift in Sources */ = {isa = PBXBuildFile; fileRef = 8B66DB8829EFE2DB002331E3 /* Networking.swift */; };
		8B66DB8B29EFE4CB002331E3 /* NetworkAPIEndPoints.swift in Sources */ = {isa = PBXBuildFile; fileRef = 8B66DB8A29EFE4CB002331E3 /* NetworkAPIEndPoints.swift */; };
		8BE62D4529EFE97D00073937 /* PlanetsDetails.swift in Sources */ = {isa = PBXBuildFile; fileRef = 8BE62D4429EFE97D00073937 /* PlanetsDetails.swift */; };
		8BE62D4729EFEB3C00073937 /* PlanetEntity+Extension.swift in Sources */ = {isa = PBXBuildFile; fileRef = 8BE62D4629EFEB3B00073937 /* PlanetEntity+Extension.swift */; };
		8BE62D4C29EFED9B00073937 /* PlanetViewModelTests.swift in Sources */ = {isa = PBXBuildFile; fileRef = 8BE62D4B29EFED9B00073937 /* PlanetViewModelTests.swift */; };
		8BE62D4E29EFEDC400073937 /* MockingPlanetRepository.swift in Sources */ = {isa = PBXBuildFile; fileRef = 8BE62D4D29EFEDC400073937 /* MockingPlanetRepository.swift */; };
		8BE62D5029EFF00A00073937 /* MockNetworking.swift in Sources */ = {isa = PBXBuildFile; fileRef = 8BE62D4F29EFF00A00073937 /* MockNetworking.swift */; };
		8BE62D5229EFF04900073937 /* MockNetworkAPIManagerTests.swift in Sources */ = {isa = PBXBuildFile; fileRef = 8BE62D5129EFF04900073937 /* MockNetworkAPIManagerTests.swift */; };
/* End PBXBuildFile section */

/* Begin PBXContainerItemProxy section */
		8454965729EFDB1800B57995 /* PBXContainerItemProxy */ = {
			isa = PBXContainerItemProxy;
			containerPortal = 8454963929EFDB1300B57995 /* Project object */;
			proxyType = 1;
			remoteGlobalIDString = 8454964029EFDB1300B57995;
			remoteInfo = PlanetsInfo;
		};
		8454966129EFDB1800B57995 /* PBXContainerItemProxy */ = {
			isa = PBXContainerItemProxy;
			containerPortal = 8454963929EFDB1300B57995 /* Project object */;
			proxyType = 1;
			remoteGlobalIDString = 8454964029EFDB1300B57995;
			remoteInfo = PlanetsInfo;
		};
/* End PBXContainerItemProxy section */

/* Begin PBXFileReference section */
		8454964129EFDB1300B57995 /* PlanetsInfo.app */ = {isa = PBXFileReference; explicitFileType = wrapper.application; includeInIndex = 0; path = PlanetsInfo.app; sourceTree = BUILT_PRODUCTS_DIR; };
		8454964429EFDB1300B57995 /* PlanetsInfoApp.swift */ = {isa = PBXFileReference; lastKnownFileType = sourcecode.swift; path = PlanetsInfoApp.swift; sourceTree = "<group>"; };
		8454964629EFDB1300B57995 /* PlanetListView.swift */ = {isa = PBXFileReference; lastKnownFileType = sourcecode.swift; path = PlanetListView.swift; sourceTree = "<group>"; };
		8454964829EFDB1800B57995 /* Assets.xcassets */ = {isa = PBXFileReference; lastKnownFileType = folder.assetcatalog; path = Assets.xcassets; sourceTree = "<group>"; };
		8454964B29EFDB1800B57995 /* Preview Assets.xcassets */ = {isa = PBXFileReference; lastKnownFileType = folder.assetcatalog; path = "Preview Assets.xcassets"; sourceTree = "<group>"; };
		8454964D29EFDB1800B57995 /* Persistence.swift */ = {isa = PBXFileReference; lastKnownFileType = sourcecode.swift; path = Persistence.swift; sourceTree = "<group>"; };
		8454965029EFDB1800B57995 /* PlanetsInfo.xcdatamodel */ = {isa = PBXFileReference; lastKnownFileType = wrapper.xcdatamodel; path = PlanetsInfo.xcdatamodel; sourceTree = "<group>"; };
		8454965629EFDB1800B57995 /* PlanetsInfoTests.xctest */ = {isa = PBXFileReference; explicitFileType = wrapper.cfbundle; includeInIndex = 0; path = PlanetsInfoTests.xctest; sourceTree = BUILT_PRODUCTS_DIR; };
		8454965A29EFDB1800B57995 /* PlanetsInfoTests.swift */ = {isa = PBXFileReference; lastKnownFileType = sourcecode.swift; path = PlanetsInfoTests.swift; sourceTree = "<group>"; };
		8454966029EFDB1800B57995 /* PlanetsInfoUITests.xctest */ = {isa = PBXFileReference; explicitFileType = wrapper.cfbundle; includeInIndex = 0; path = PlanetsInfoUITests.xctest; sourceTree = BUILT_PRODUCTS_DIR; };
		8454966429EFDB1800B57995 /* PlanetsInfoUITests.swift */ = {isa = PBXFileReference; lastKnownFileType = sourcecode.swift; path = PlanetsInfoUITests.swift; sourceTree = "<group>"; };
		8454966629EFDB1800B57995 /* PlanetsInfoUITestsLaunchTests.swift */ = {isa = PBXFileReference; lastKnownFileType = sourcecode.swift; path = PlanetsInfoUITestsLaunchTests.swift; sourceTree = "<group>"; };
		8454967829EFDBD500B57995 /* PlanetsViewModel.swift */ = {isa = PBXFileReference; lastKnownFileType = sourcecode.swift; path = PlanetsViewModel.swift; sourceTree = "<group>"; };
		8454967C29EFDC3300B57995 /* NetworkApiManager.swift */ = {isa = PBXFileReference; lastKnownFileType = sourcecode.swift; path = NetworkApiManager.swift; sourceTree = "<group>"; };
		8454967E29EFDCED00B57995 /* PlanetData.swift */ = {isa = PBXFileReference; lastKnownFileType = sourcecode.swift; path = PlanetData.swift; sourceTree = "<group>"; };
		8454968229F01BD200B57995 /* PlanetsRepositoryImplemantationTests.swift */ = {isa = PBXFileReference; lastKnownFileType = sourcecode.swift; path = PlanetsRepositoryImplemantationTests.swift; sourceTree = "<group>"; };
		8B66DB8229EFDFF1002331E3 /* PlanetsRepository.swift */ = {isa = PBXFileReference; lastKnownFileType = sourcecode.swift; path = PlanetsRepository.swift; sourceTree = "<group>"; };
		8B66DB8429EFE111002331E3 /* NetworkAPIError.swift */ = {isa = PBXFileReference; lastKnownFileType = sourcecode.swift; path = NetworkAPIError.swift; sourceTree = "<group>"; };
		8B66DB8629EFE1F1002331E3 /* PlanetsRepositoryImplemantation.swift */ = {isa = PBXFileReference; lastKnownFileType = sourcecode.swift; path = PlanetsRepositoryImplemantation.swift; sourceTree = "<group>"; };
		8B66DB8829EFE2DB002331E3 /* Networking.swift */ = {isa = PBXFileReference; lastKnownFileType = sourcecode.swift; path = Networking.swift; sourceTree = "<group>"; };
		8B66DB8A29EFE4CB002331E3 /* NetworkAPIEndPoints.swift */ = {isa = PBXFileReference; lastKnownFileType = sourcecode.swift; path = NetworkAPIEndPoints.swift; sourceTree = "<group>"; };
		8BE62D4429EFE97D00073937 /* PlanetsDetails.swift */ = {isa = PBXFileReference; lastKnownFileType = sourcecode.swift; path = PlanetsDetails.swift; sourceTree = "<group>"; };
		8BE62D4629EFEB3B00073937 /* PlanetEntity+Extension.swift */ = {isa = PBXFileReference; fileEncoding = 4; lastKnownFileType = sourcecode.swift; path = "PlanetEntity+Extension.swift"; sourceTree = "<group>"; };
		8BE62D4B29EFED9B00073937 /* PlanetViewModelTests.swift */ = {isa = PBXFileReference; lastKnownFileType = sourcecode.swift; path = PlanetViewModelTests.swift; sourceTree = "<group>"; };
		8BE62D4D29EFEDC400073937 /* MockingPlanetRepository.swift */ = {isa = PBXFileReference; lastKnownFileType = sourcecode.swift; path = MockingPlanetRepository.swift; sourceTree = "<group>"; };
		8BE62D4F29EFF00A00073937 /* MockNetworking.swift */ = {isa = PBXFileReference; lastKnownFileType = sourcecode.swift; path = MockNetworking.swift; sourceTree = "<group>"; };
		8BE62D5129EFF04900073937 /* MockNetworkAPIManagerTests.swift */ = {isa = PBXFileReference; lastKnownFileType = sourcecode.swift; path = MockNetworkAPIManagerTests.swift; sourceTree = "<group>"; };
/* End PBXFileReference section */

/* Begin PBXFrameworksBuildPhase section */
		8454963E29EFDB1300B57995 /* Frameworks */ = {
			isa = PBXFrameworksBuildPhase;
			buildActionMask = 2147483647;
			files = (
			);
			runOnlyForDeploymentPostprocessing = 0;
		};
		8454965329EFDB1800B57995 /* Frameworks */ = {
			isa = PBXFrameworksBuildPhase;
			buildActionMask = 2147483647;
			files = (
			);
			runOnlyForDeploymentPostprocessing = 0;
		};
		8454965D29EFDB1800B57995 /* Frameworks */ = {
			isa = PBXFrameworksBuildPhase;
			buildActionMask = 2147483647;
			files = (
			);
			runOnlyForDeploymentPostprocessing = 0;
		};
/* End PBXFrameworksBuildPhase section */

/* Begin PBXGroup section */
		8454963829EFDB1300B57995 = {
			isa = PBXGroup;
			children = (
				8454964329EFDB1300B57995 /* PlanetsInfo */,
				8454965929EFDB1800B57995 /* PlanetsInfoTests */,
				8454966329EFDB1800B57995 /* PlanetsInfoUITests */,
				8454964229EFDB1300B57995 /* Products */,
			);
			sourceTree = "<group>";
		};
		8454964229EFDB1300B57995 /* Products */ = {
			isa = PBXGroup;
			children = (
				8454964129EFDB1300B57995 /* PlanetsInfo.app */,
				8454965629EFDB1800B57995 /* PlanetsInfoTests.xctest */,
				8454966029EFDB1800B57995 /* PlanetsInfoUITests.xctest */,
			);
			name = Products;
			sourceTree = "<group>";
		};
		8454964329EFDB1300B57995 /* PlanetsInfo */ = {
			isa = PBXGroup;
			children = (
				8454967329EFDB6E00B57995 /* Model */,
				8454967629EFDB8A00B57995 /* View */,
				8454967429EFDB7900B57995 /* ViewModel */,
				8454967529EFDB8100B57995 /* Network */,
				8454967729EFDBA700B57995 /* Repository */,
				8454964429EFDB1300B57995 /* PlanetsInfoApp.swift */,
				8454964829EFDB1800B57995 /* Assets.xcassets */,
				8454964D29EFDB1800B57995 /* Persistence.swift */,
				8454964F29EFDB1800B57995 /* PlanetsInfo.xcdatamodeld */,
				8454964A29EFDB1800B57995 /* Preview Content */,
			);
			path = PlanetsInfo;
			sourceTree = "<group>";
		};
		8454964A29EFDB1800B57995 /* Preview Content */ = {
			isa = PBXGroup;
			children = (
				8454964B29EFDB1800B57995 /* Preview Assets.xcassets */,
			);
			path = "Preview Content";
			sourceTree = "<group>";
		};
		8454965929EFDB1800B57995 /* PlanetsInfoTests */ = {
			isa = PBXGroup;
			children = (
				8BE62D4A29EFED7B00073937 /* NeworkAPITests */,
				8BE62D4929EFED6B00073937 /* RepositoryTests */,
				8BE62D4829EFED6400073937 /* ViewModelTests */,
				8454965A29EFDB1800B57995 /* PlanetsInfoTests.swift */,
			);
			path = PlanetsInfoTests;
			sourceTree = "<group>";
		};
		8454966329EFDB1800B57995 /* PlanetsInfoUITests */ = {
			isa = PBXGroup;
			children = (
				8454966429EFDB1800B57995 /* PlanetsInfoUITests.swift */,
				8454966629EFDB1800B57995 /* PlanetsInfoUITestsLaunchTests.swift */,
			);
			path = PlanetsInfoUITests;
			sourceTree = "<group>";
		};
		8454967329EFDB6E00B57995 /* Model */ = {
			isa = PBXGroup;
			children = (
				8BE62D4629EFEB3B00073937 /* PlanetEntity+Extension.swift */,
				8454967E29EFDCED00B57995 /* PlanetData.swift */,
			);
			path = Model;
			sourceTree = "<group>";
		};
		8454967429EFDB7900B57995 /* ViewModel */ = {
			isa = PBXGroup;
			children = (
				8454967829EFDBD500B57995 /* PlanetsViewModel.swift */,
			);
			path = ViewModel;
			sourceTree = "<group>";
		};
		8454967529EFDB8100B57995 /* Network */ = {
			isa = PBXGroup;
			children = (
				8454967C29EFDC3300B57995 /* NetworkApiManager.swift */,
				8B66DB8429EFE111002331E3 /* NetworkAPIError.swift */,
				8B66DB8829EFE2DB002331E3 /* Networking.swift */,
				8B66DB8A29EFE4CB002331E3 /* NetworkAPIEndPoints.swift */,
			);
			path = Network;
			sourceTree = "<group>";
		};
		8454967629EFDB8A00B57995 /* View */ = {
			isa = PBXGroup;
			children = (
				8454964629EFDB1300B57995 /* PlanetListView.swift */,
				8BE62D4429EFE97D00073937 /* PlanetsDetails.swift */,
			);
			path = View;
			sourceTree = "<group>";
		};
		8454967729EFDBA700B57995 /* Repository */ = {
			isa = PBXGroup;
			children = (
				8B66DB8229EFDFF1002331E3 /* PlanetsRepository.swift */,
				8B66DB8629EFE1F1002331E3 /* PlanetsRepositoryImplemantation.swift */,
			);
			path = Repository;
			sourceTree = "<group>";
		};
		8BE62D4829EFED6400073937 /* ViewModelTests */ = {
			isa = PBXGroup;
			children = (
				8BE62D4B29EFED9B00073937 /* PlanetViewModelTests.swift */,
				8BE62D4D29EFEDC400073937 /* MockingPlanetRepository.swift */,
			);
			path = ViewModelTests;
			sourceTree = "<group>";
		};
		8BE62D4929EFED6B00073937 /* RepositoryTests */ = {
			isa = PBXGroup;
			children = (
				8454968229F01BD200B57995 /* PlanetsRepositoryImplemantationTests.swift */,
			);
			path = RepositoryTests;
			sourceTree = "<group>";
		};
		8BE62D4A29EFED7B00073937 /* NeworkAPITests */ = {
			isa = PBXGroup;
			children = (
				8BE62D4F29EFF00A00073937 /* MockNetworking.swift */,
				8BE62D5129EFF04900073937 /* MockNetworkAPIManagerTests.swift */,
			);
			path = NeworkAPITests;
			sourceTree = "<group>";
		};
/* End PBXGroup section */

/* Begin PBXNativeTarget section */
		8454964029EFDB1300B57995 /* PlanetsInfo */ = {
			isa = PBXNativeTarget;
			buildConfigurationList = 8454966A29EFDB1800B57995 /* Build configuration list for PBXNativeTarget "PlanetsInfo" */;
			buildPhases = (
				8454963D29EFDB1300B57995 /* Sources */,
				8454963E29EFDB1300B57995 /* Frameworks */,
				8454963F29EFDB1300B57995 /* Resources */,
			);
			buildRules = (
			);
			dependencies = (
			);
			name = PlanetsInfo;
			productName = PlanetsInfo;
			productReference = 8454964129EFDB1300B57995 /* PlanetsInfo.app */;
			productType = "com.apple.product-type.application";
		};
		8454965529EFDB1800B57995 /* PlanetsInfoTests */ = {
			isa = PBXNativeTarget;
			buildConfigurationList = 8454966D29EFDB1800B57995 /* Build configuration list for PBXNativeTarget "PlanetsInfoTests" */;
			buildPhases = (
				8454965229EFDB1800B57995 /* Sources */,
				8454965329EFDB1800B57995 /* Frameworks */,
				8454965429EFDB1800B57995 /* Resources */,
			);
			buildRules = (
			);
			dependencies = (
				8454965829EFDB1800B57995 /* PBXTargetDependency */,
			);
			name = PlanetsInfoTests;
			productName = PlanetsInfoTests;
			productReference = 8454965629EFDB1800B57995 /* PlanetsInfoTests.xctest */;
			productType = "com.apple.product-type.bundle.unit-test";
		};
		8454965F29EFDB1800B57995 /* PlanetsInfoUITests */ = {
			isa = PBXNativeTarget;
			buildConfigurationList = 8454967029EFDB1800B57995 /* Build configuration list for PBXNativeTarget "PlanetsInfoUITests" */;
			buildPhases = (
				8454965C29EFDB1800B57995 /* Sources */,
				8454965D29EFDB1800B57995 /* Frameworks */,
				8454965E29EFDB1800B57995 /* Resources */,
			);
			buildRules = (
			);
			dependencies = (
				8454966229EFDB1800B57995 /* PBXTargetDependency */,
			);
			name = PlanetsInfoUITests;
			productName = PlanetsInfoUITests;
			productReference = 8454966029EFDB1800B57995 /* PlanetsInfoUITests.xctest */;
			productType = "com.apple.product-type.bundle.ui-testing";
		};
/* End PBXNativeTarget section */

/* Begin PBXProject section */
		8454963929EFDB1300B57995 /* Project object */ = {
			isa = PBXProject;
			attributes = {
				BuildIndependentTargetsInParallel = 1;
				LastSwiftUpdateCheck = 1330;
				LastUpgradeCheck = 1330;
				TargetAttributes = {
					8454964029EFDB1300B57995 = {
						CreatedOnToolsVersion = 13.3.1;
					};
					8454965529EFDB1800B57995 = {
						CreatedOnToolsVersion = 13.3.1;
						TestTargetID = 8454964029EFDB1300B57995;
					};
					8454965F29EFDB1800B57995 = {
						CreatedOnToolsVersion = 13.3.1;
						TestTargetID = 8454964029EFDB1300B57995;
					};
				};
			};
			buildConfigurationList = 8454963C29EFDB1300B57995 /* Build configuration list for PBXProject "PlanetsInfo" */;
			compatibilityVersion = "Xcode 13.0";
			developmentRegion = en;
			hasScannedForEncodings = 0;
			knownRegions = (
				en,
				Base,
			);
			mainGroup = 8454963829EFDB1300B57995;
			productRefGroup = 8454964229EFDB1300B57995 /* Products */;
			projectDirPath = "";
			projectRoot = "";
			targets = (
				8454964029EFDB1300B57995 /* PlanetsInfo */,
				8454965529EFDB1800B57995 /* PlanetsInfoTests */,
				8454965F29EFDB1800B57995 /* PlanetsInfoUITests */,
			);
		};
/* End PBXProject section */

/* Begin PBXResourcesBuildPhase section */
		8454963F29EFDB1300B57995 /* Resources */ = {
			isa = PBXResourcesBuildPhase;
			buildActionMask = 2147483647;
			files = (
				8454964C29EFDB1800B57995 /* Preview Assets.xcassets in Resources */,
				8454964929EFDB1800B57995 /* Assets.xcassets in Resources */,
			);
			runOnlyForDeploymentPostprocessing = 0;
		};
		8454965429EFDB1800B57995 /* Resources */ = {
			isa = PBXResourcesBuildPhase;
			buildActionMask = 2147483647;
			files = (
			);
			runOnlyForDeploymentPostprocessing = 0;
		};
		8454965E29EFDB1800B57995 /* Resources */ = {
			isa = PBXResourcesBuildPhase;
			buildActionMask = 2147483647;
			files = (
			);
			runOnlyForDeploymentPostprocessing = 0;
		};
/* End PBXResourcesBuildPhase section */

/* Begin PBXSourcesBuildPhase section */
		8454963D29EFDB1300B57995 /* Sources */ = {
			isa = PBXSourcesBuildPhase;
			buildActionMask = 2147483647;
			files = (
				8B66DB8B29EFE4CB002331E3 /* NetworkAPIEndPoints.swift in Sources */,
				8454964E29EFDB1800B57995 /* Persistence.swift in Sources */,
				8B66DB8929EFE2DB002331E3 /* Networking.swift in Sources */,
				8B66DB8729EFE1F1002331E3 /* PlanetsRepositoryImplemantation.swift in Sources */,
				8B66DB8329EFDFF1002331E3 /* PlanetsRepository.swift in Sources */,
				8454967D29EFDC3300B57995 /* NetworkApiManager.swift in Sources */,
				8454964729EFDB1300B57995 /* PlanetListView.swift in Sources */,
				8454967F29EFDCED00B57995 /* PlanetData.swift in Sources */,
				8454964529EFDB1300B57995 /* PlanetsInfoApp.swift in Sources */,
				8454967929EFDBD500B57995 /* PlanetsViewModel.swift in Sources */,
				8454965129EFDB1800B57995 /* PlanetsInfo.xcdatamodeld in Sources */,
				8B66DB8529EFE111002331E3 /* NetworkAPIError.swift in Sources */,
				8BE62D4529EFE97D00073937 /* PlanetsDetails.swift in Sources */,
				8BE62D4729EFEB3C00073937 /* PlanetEntity+Extension.swift in Sources */,
			);
			runOnlyForDeploymentPostprocessing = 0;
		};
		8454965229EFDB1800B57995 /* Sources */ = {
			isa = PBXSourcesBuildPhase;
			buildActionMask = 2147483647;
			files = (
				8BE62D4C29EFED9B00073937 /* PlanetViewModelTests.swift in Sources */,
				8BE62D5229EFF04900073937 /* MockNetworkAPIManagerTests.swift in Sources */,
				8BE62D5029EFF00A00073937 /* MockNetworking.swift in Sources */,
				8454968329F01BD200B57995 /* PlanetsRepositoryImplemantationTests.swift in Sources */,
				8454965B29EFDB1800B57995 /* PlanetsInfoTests.swift in Sources */,
				8BE62D4E29EFEDC400073937 /* MockingPlanetRepository.swift in Sources */,
			);
			runOnlyForDeploymentPostprocessing = 0;
		};
		8454965C29EFDB1800B57995 /* Sources */ = {
			isa = PBXSourcesBuildPhase;
			buildActionMask = 2147483647;
			files = (
				8454966729EFDB1800B57995 /* PlanetsInfoUITestsLaunchTests.swift in Sources */,
				8454966529EFDB1800B57995 /* PlanetsInfoUITests.swift in Sources */,
			);
			runOnlyForDeploymentPostprocessing = 0;
		};
/* End PBXSourcesBuildPhase section */

/* Begin PBXTargetDependency section */
		8454965829EFDB1800B57995 /* PBXTargetDependency */ = {
			isa = PBXTargetDependency;
			target = 8454964029EFDB1300B57995 /* PlanetsInfo */;
			targetProxy = 8454965729EFDB1800B57995 /* PBXContainerItemProxy */;
		};
		8454966229EFDB1800B57995 /* PBXTargetDependency */ = {
			isa = PBXTargetDependency;
			target = 8454964029EFDB1300B57995 /* PlanetsInfo */;
			targetProxy = 8454966129EFDB1800B57995 /* PBXContainerItemProxy */;
		};
/* End PBXTargetDependency section */

/* Begin XCBuildConfiguration section */
		8454966829EFDB1800B57995 /* Debug */ = {
			isa = XCBuildConfiguration;
			buildSettings = {
				ALWAYS_SEARCH_USER_PATHS = NO;
				CLANG_ANALYZER_NONNULL = YES;
				CLANG_ANALYZER_NUMBER_OBJECT_CONVERSION = YES_AGGRESSIVE;
				CLANG_CXX_LANGUAGE_STANDARD = "gnu++17";
				CLANG_ENABLE_MODULES = YES;
				CLANG_ENABLE_OBJC_ARC = YES;
				CLANG_ENABLE_OBJC_WEAK = YES;
				CLANG_WARN_BLOCK_CAPTURE_AUTORELEASING = YES;
				CLANG_WARN_BOOL_CONVERSION = YES;
				CLANG_WARN_COMMA = YES;
				CLANG_WARN_CONSTANT_CONVERSION = YES;
				CLANG_WARN_DEPRECATED_OBJC_IMPLEMENTATIONS = YES;
				CLANG_WARN_DIRECT_OBJC_ISA_USAGE = YES_ERROR;
				CLANG_WARN_DOCUMENTATION_COMMENTS = YES;
				CLANG_WARN_EMPTY_BODY = YES;
				CLANG_WARN_ENUM_CONVERSION = YES;
				CLANG_WARN_INFINITE_RECURSION = YES;
				CLANG_WARN_INT_CONVERSION = YES;
				CLANG_WARN_NON_LITERAL_NULL_CONVERSION = YES;
				CLANG_WARN_OBJC_IMPLICIT_RETAIN_SELF = YES;
				CLANG_WARN_OBJC_LITERAL_CONVERSION = YES;
				CLANG_WARN_OBJC_ROOT_CLASS = YES_ERROR;
				CLANG_WARN_QUOTED_INCLUDE_IN_FRAMEWORK_HEADER = YES;
				CLANG_WARN_RANGE_LOOP_ANALYSIS = YES;
				CLANG_WARN_STRICT_PROTOTYPES = YES;
				CLANG_WARN_SUSPICIOUS_MOVE = YES;
				CLANG_WARN_UNGUARDED_AVAILABILITY = YES_AGGRESSIVE;
				CLANG_WARN_UNREACHABLE_CODE = YES;
				CLANG_WARN__DUPLICATE_METHOD_MATCH = YES;
				COPY_PHASE_STRIP = NO;
				DEBUG_INFORMATION_FORMAT = dwarf;
				ENABLE_STRICT_OBJC_MSGSEND = YES;
				ENABLE_TESTABILITY = YES;
				GCC_C_LANGUAGE_STANDARD = gnu11;
				GCC_DYNAMIC_NO_PIC = NO;
				GCC_NO_COMMON_BLOCKS = YES;
				GCC_OPTIMIZATION_LEVEL = 0;
				GCC_PREPROCESSOR_DEFINITIONS = (
					"DEBUG=1",
					"$(inherited)",
				);
				GCC_WARN_64_TO_32_BIT_CONVERSION = YES;
				GCC_WARN_ABOUT_RETURN_TYPE = YES_ERROR;
				GCC_WARN_UNDECLARED_SELECTOR = YES;
				GCC_WARN_UNINITIALIZED_AUTOS = YES_AGGRESSIVE;
				GCC_WARN_UNUSED_FUNCTION = YES;
				GCC_WARN_UNUSED_VARIABLE = YES;
				IPHONEOS_DEPLOYMENT_TARGET = 15.4;
				MTL_ENABLE_DEBUG_INFO = INCLUDE_SOURCE;
				MTL_FAST_MATH = YES;
				ONLY_ACTIVE_ARCH = YES;
				SDKROOT = iphoneos;
				SWIFT_ACTIVE_COMPILATION_CONDITIONS = DEBUG;
				SWIFT_OPTIMIZATION_LEVEL = "-Onone";
			};
			name = Debug;
		};
		8454966929EFDB1800B57995 /* Release */ = {
			isa = XCBuildConfiguration;
			buildSettings = {
				ALWAYS_SEARCH_USER_PATHS = NO;
				CLANG_ANALYZER_NONNULL = YES;
				CLANG_ANALYZER_NUMBER_OBJECT_CONVERSION = YES_AGGRESSIVE;
				CLANG_CXX_LANGUAGE_STANDARD = "gnu++17";
				CLANG_ENABLE_MODULES = YES;
				CLANG_ENABLE_OBJC_ARC = YES;
				CLANG_ENABLE_OBJC_WEAK = YES;
				CLANG_WARN_BLOCK_CAPTURE_AUTORELEASING = YES;
				CLANG_WARN_BOOL_CONVERSION = YES;
				CLANG_WARN_COMMA = YES;
				CLANG_WARN_CONSTANT_CONVERSION = YES;
				CLANG_WARN_DEPRECATED_OBJC_IMPLEMENTATIONS = YES;
				CLANG_WARN_DIRECT_OBJC_ISA_USAGE = YES_ERROR;
				CLANG_WARN_DOCUMENTATION_COMMENTS = YES;
				CLANG_WARN_EMPTY_BODY = YES;
				CLANG_WARN_ENUM_CONVERSION = YES;
				CLANG_WARN_INFINITE_RECURSION = YES;
				CLANG_WARN_INT_CONVERSION = YES;
				CLANG_WARN_NON_LITERAL_NULL_CONVERSION = YES;
				CLANG_WARN_OBJC_IMPLICIT_RETAIN_SELF = YES;
				CLANG_WARN_OBJC_LITERAL_CONVERSION = YES;
				CLANG_WARN_OBJC_ROOT_CLASS = YES_ERROR;
				CLANG_WARN_QUOTED_INCLUDE_IN_FRAMEWORK_HEADER = YES;
				CLANG_WARN_RANGE_LOOP_ANALYSIS = YES;
				CLANG_WARN_STRICT_PROTOTYPES = YES;
				CLANG_WARN_SUSPICIOUS_MOVE = YES;
				CLANG_WARN_UNGUARDED_AVAILABILITY = YES_AGGRESSIVE;
				CLANG_WARN_UNREACHABLE_CODE = YES;
				CLANG_WARN__DUPLICATE_METHOD_MATCH = YES;
				COPY_PHASE_STRIP = NO;
				DEBUG_INFORMATION_FORMAT = "dwarf-with-dsym";
				ENABLE_NS_ASSERTIONS = NO;
				ENABLE_STRICT_OBJC_MSGSEND = YES;
				GCC_C_LANGUAGE_STANDARD = gnu11;
				GCC_NO_COMMON_BLOCKS = YES;
				GCC_WARN_64_TO_32_BIT_CONVERSION = YES;
				GCC_WARN_ABOUT_RETURN_TYPE = YES_ERROR;
				GCC_WARN_UNDECLARED_SELECTOR = YES;
				GCC_WARN_UNINITIALIZED_AUTOS = YES_AGGRESSIVE;
				GCC_WARN_UNUSED_FUNCTION = YES;
				GCC_WARN_UNUSED_VARIABLE = YES;
				IPHONEOS_DEPLOYMENT_TARGET = 15.4;
				MTL_ENABLE_DEBUG_INFO = NO;
				MTL_FAST_MATH = YES;
				SDKROOT = iphoneos;
				SWIFT_COMPILATION_MODE = wholemodule;
				SWIFT_OPTIMIZATION_LEVEL = "-O";
				VALIDATE_PRODUCT = YES;
			};
			name = Release;
		};
		8454966B29EFDB1800B57995 /* Debug */ = {
			isa = XCBuildConfiguration;
			buildSettings = {
				ASSETCATALOG_COMPILER_APPICON_NAME = AppIcon;
				ASSETCATALOG_COMPILER_GLOBAL_ACCENT_COLOR_NAME = AccentColor;
				CODE_SIGN_STYLE = Automatic;
				CURRENT_PROJECT_VERSION = 1;
				DEVELOPMENT_ASSET_PATHS = "\"PlanetsInfo/Preview Content\"";
				ENABLE_PREVIEWS = YES;
				GENERATE_INFOPLIST_FILE = YES;
				INFOPLIST_KEY_UIApplicationSceneManifest_Generation = YES;
				INFOPLIST_KEY_UIApplicationSupportsIndirectInputEvents = YES;
				INFOPLIST_KEY_UILaunchScreen_Generation = YES;
				INFOPLIST_KEY_UISupportedInterfaceOrientations_iPad = "UIInterfaceOrientationPortrait UIInterfaceOrientationPortraitUpsideDown UIInterfaceOrientationLandscapeLeft UIInterfaceOrientationLandscapeRight";
				INFOPLIST_KEY_UISupportedInterfaceOrientations_iPhone = "UIInterfaceOrientationPortrait UIInterfaceOrientationLandscapeLeft UIInterfaceOrientationLandscapeRight";
				IPHONEOS_DEPLOYMENT_TARGET = 15.0;
				LD_RUNPATH_SEARCH_PATHS = (
					"$(inherited)",
					"@executable_path/Frameworks",
				);
				MARKETING_VERSION = 1.0;
				PRODUCT_BUNDLE_IDENTIFIER = com.PlanetsInfo.mac.PlanetsInfo;
				PRODUCT_NAME = "$(TARGET_NAME)";
				SWIFT_EMIT_LOC_STRINGS = YES;
				SWIFT_VERSION = 5.0;
				TARGETED_DEVICE_FAMILY = "1,2";
			};
			name = Debug;
		};
		8454966C29EFDB1800B57995 /* Release */ = {
			isa = XCBuildConfiguration;
			buildSettings = {
				ASSETCATALOG_COMPILER_APPICON_NAME = AppIcon;
				ASSETCATALOG_COMPILER_GLOBAL_ACCENT_COLOR_NAME = AccentColor;
				CODE_SIGN_STYLE = Automatic;
				CURRENT_PROJECT_VERSION = 1;
				DEVELOPMENT_ASSET_PATHS = "\"PlanetsInfo/Preview Content\"";
				ENABLE_PREVIEWS = YES;
				GENERATE_INFOPLIST_FILE = YES;
				INFOPLIST_KEY_UIApplicationSceneManifest_Generation = YES;
				INFOPLIST_KEY_UIApplicationSupportsIndirectInputEvents = YES;
				INFOPLIST_KEY_UILaunchScreen_Generation = YES;
				INFOPLIST_KEY_UISupportedInterfaceOrientations_iPad = "UIInterfaceOrientationPortrait UIInterfaceOrientationPortraitUpsideDown UIInterfaceOrientationLandscapeLeft UIInterfaceOrientationLandscapeRight";
				INFOPLIST_KEY_UISupportedInterfaceOrientations_iPhone = "UIInterfaceOrientationPortrait UIInterfaceOrientationLandscapeLeft UIInterfaceOrientationLandscapeRight";
				IPHONEOS_DEPLOYMENT_TARGET = 15.0;
				LD_RUNPATH_SEARCH_PATHS = (
					"$(inherited)",
					"@executable_path/Frameworks",
				);
				MARKETING_VERSION = 1.0;
				PRODUCT_BUNDLE_IDENTIFIER = com.PlanetsInfo.mac.PlanetsInfo;
				PRODUCT_NAME = "$(TARGET_NAME)";
				SWIFT_EMIT_LOC_STRINGS = YES;
				SWIFT_VERSION = 5.0;
				TARGETED_DEVICE_FAMILY = "1,2";
			};
			name = Release;
		};
		8454966E29EFDB1800B57995 /* Debug */ = {
			isa = XCBuildConfiguration;
			buildSettings = {
				ALWAYS_EMBED_SWIFT_STANDARD_LIBRARIES = YES;
				BUNDLE_LOADER = "$(TEST_HOST)";
				CODE_SIGN_STYLE = Automatic;
				CURRENT_PROJECT_VERSION = 1;
				GENERATE_INFOPLIST_FILE = YES;
				IPHONEOS_DEPLOYMENT_TARGET = 15.4;
				MARKETING_VERSION = 1.0;
				PRODUCT_BUNDLE_IDENTIFIER = com.PlanetsInfo.mac.PlanetsInfoTests;
				PRODUCT_NAME = "$(TARGET_NAME)";
				SWIFT_EMIT_LOC_STRINGS = NO;
				SWIFT_VERSION = 5.0;
				TARGETED_DEVICE_FAMILY = "1,2";
				TEST_HOST = "$(BUILT_PRODUCTS_DIR)/PlanetsInfo.app/PlanetsInfo";
			};
			name = Debug;
		};
		8454966F29EFDB1800B57995 /* Release */ = {
			isa = XCBuildConfiguration;
			buildSettings = {
				ALWAYS_EMBED_SWIFT_STANDARD_LIBRARIES = YES;
				BUNDLE_LOADER = "$(TEST_HOST)";
				CODE_SIGN_STYLE = Automatic;
				CURRENT_PROJECT_VERSION = 1;
				GENERATE_INFOPLIST_FILE = YES;
				IPHONEOS_DEPLOYMENT_TARGET = 15.4;
				MARKETING_VERSION = 1.0;
				PRODUCT_BUNDLE_IDENTIFIER = com.PlanetsInfo.mac.PlanetsInfoTests;
				PRODUCT_NAME = "$(TARGET_NAME)";
				SWIFT_EMIT_LOC_STRINGS = NO;
				SWIFT_VERSION = 5.0;
				TARGETED_DEVICE_FAMILY = "1,2";
				TEST_HOST = "$(BUILT_PRODUCTS_DIR)/PlanetsInfo.app/PlanetsInfo";
			};
			name = Release;
		};
		8454967129EFDB1800B57995 /* Debug */ = {
			isa = XCBuildConfiguration;
			buildSettings = {
				ALWAYS_EMBED_SWIFT_STANDARD_LIBRARIES = YES;
				CODE_SIGN_STYLE = Automatic;
				CURRENT_PROJECT_VERSION = 1;
				GENERATE_INFOPLIST_FILE = YES;
				MARKETING_VERSION = 1.0;
				PRODUCT_BUNDLE_IDENTIFIER = com.PlanetsInfo.mac.PlanetsInfoUITests;
				PRODUCT_NAME = "$(TARGET_NAME)";
				SWIFT_EMIT_LOC_STRINGS = NO;
				SWIFT_VERSION = 5.0;
				TARGETED_DEVICE_FAMILY = "1,2";
				TEST_TARGET_NAME = PlanetsInfo;
			};
			name = Debug;
		};
		8454967229EFDB1800B57995 /* Release */ = {
			isa = XCBuildConfiguration;
			buildSettings = {
				ALWAYS_EMBED_SWIFT_STANDARD_LIBRARIES = YES;
				CODE_SIGN_STYLE = Automatic;
				CURRENT_PROJECT_VERSION = 1;
				GENERATE_INFOPLIST_FILE = YES;
				MARKETING_VERSION = 1.0;
				PRODUCT_BUNDLE_IDENTIFIER = com.PlanetsInfo.mac.PlanetsInfoUITests;
				PRODUCT_NAME = "$(TARGET_NAME)";
				SWIFT_EMIT_LOC_STRINGS = NO;
				SWIFT_VERSION = 5.0;
				TARGETED_DEVICE_FAMILY = "1,2";
				TEST_TARGET_NAME = PlanetsInfo;
			};
			name = Release;
		};
/* End XCBuildConfiguration section */

/* Begin XCConfigurationList section */
		8454963C29EFDB1300B57995 /* Build configuration list for PBXProject "PlanetsInfo" */ = {
			isa = XCConfigurationList;
			buildConfigurations = (
				8454966829EFDB1800B57995 /* Debug */,
				8454966929EFDB1800B57995 /* Release */,
			);
			defaultConfigurationIsVisible = 0;
			defaultConfigurationName = Release;
		};
		8454966A29EFDB1800B57995 /* Build configuration list for PBXNativeTarget "PlanetsInfo" */ = {
			isa = XCConfigurationList;
			buildConfigurations = (
				8454966B29EFDB1800B57995 /* Debug */,
				8454966C29EFDB1800B57995 /* Release */,
			);
			defaultConfigurationIsVisible = 0;
			defaultConfigurationName = Release;
		};
		8454966D29EFDB1800B57995 /* Build configuration list for PBXNativeTarget "PlanetsInfoTests" */ = {
			isa = XCConfigurationList;
			buildConfigurations = (
				8454966E29EFDB1800B57995 /* Debug */,
				8454966F29EFDB1800B57995 /* Release */,
			);
			defaultConfigurationIsVisible = 0;
			defaultConfigurationName = Release;
		};
		8454967029EFDB1800B57995 /* Build configuration list for PBXNativeTarget "PlanetsInfoUITests" */ = {
			isa = XCConfigurationList;
			buildConfigurations = (
				8454967129EFDB1800B57995 /* Debug */,
				8454967229EFDB1800B57995 /* Release */,
			);
			defaultConfigurationIsVisible = 0;
			defaultConfigurationName = Release;
		};
/* End XCConfigurationList section */

/* Begin XCVersionGroup section */
		8454964F29EFDB1800B57995 /* PlanetsInfo.xcdatamodeld */ = {
			isa = XCVersionGroup;
			children = (
				8454965029EFDB1800B57995 /* PlanetsInfo.xcdatamodel */,
			);
			currentVersion = 8454965029EFDB1800B57995 /* PlanetsInfo.xcdatamodel */;
			path = PlanetsInfo.xcdatamodeld;
			sourceTree = "<group>";
			versionGroupType = wrapper.xcdatamodel;
		};
/* End XCVersionGroup section */
	};
	rootObject = 8454963929EFDB1300B57995 /* Project object */;
}
